st-info-block:
- icon: <i class="fas fa-camera"></i>  # Use icon here
  title: Share your creativity  # Use icon block title here
  description: Get immediate exposure with your first upload. Our Pulse algorithm will take your photo through Discover where it will be seen by thousands and you'll receive valuable feedback on day one.  # Use description for icon block
  tags: home-1  # Use info-block tag name here

- icon: <i class="fas fa-address-card"></i>  # Use icon here
  title: Get paid for your photos  # Use icon block title here
  description: Present yourself as a professional. Get hired by displaying your services, create a Directory listing, showcase the workshops you're holding, and create Galleries to highlight your work.  # Use description for icon block
  tags: home-1  # Use info-block tag name here

- icon: <i class="fas fa-chart-line"></i>  # Use icon here
  title: Grow your brand  # Use icon block title here
  description: With Advanced Statistics and Pulse you get valuable insights into how your photos are performing and how you rank in comparison to other photographers in the community.  # Use description for icon block
  tags: home-1  # Use info-block tag name here

- icon: <i class="fas fa-chart-line"></i>  # Use icon here
  title: features  # Use icon block title here
  description: Lorem ipsum dolor sit amet, consectetur adipisicing elit, sed do eiusmod tempor incididunt ut labore et dolore magna aliqua. Ut enim ad minim veniam, quis nostrud exercitation ullamco laboris nisi ut aliquip ex ea commodo consequat. Duis aute irure dolor in reprehenderit in voluptate velit esse cillum dolore eu fugiat nulla pariatur. Excepteur sint occaecat cupidatat non proident, sunt in culpa qui officia deserunt mollit anim id est laborum.  # Use description for icon block
  tags: features  # Use info-block tag name here
