st-info-block:
- icon: <i class="fas fa-child"></i>  # Use icon here
  title: Kid Friendly  # Use icon block title here
  description: All materials are presented in a kid-friendly and easily understandable manner.  # Use description for icon block
  tags: home-1  # Use info-block tag name here

- icon: <i class="fas fa-school"></i>  # Use icon here
  title: Engaging Lessons  # Use icon block title here
  description: Interactive online course material and hands-on learning with STEM kits.  # Use description for icon block
  tags: home-1  # Use info-block tag name here

- icon: <i class="fas fa-medal"></i>  # Use icon here
  title: Certifications  # Use icon block title here
  description: After completing each course, children will receive a certificate of completion recognizing their accomplishment and acknowledging their skills in the completed course. # Use description for icon block
  tags: home-1  # Use info-block tag name here

- icon: <i class="fas fa-chart-line"></i>  # Use icon here
  title: features  # Use icon block title here
  description: Lorem ipsum dolor sit amet, consectetur adipisicing elit, sed do eiusmod tempor incididunt ut labore et dolore magna aliqua. Ut enim ad minim veniam, quis nostrud exercitation ullamco laboris nisi ut aliquip ex ea commodo consequat. Duis aute irure dolor in reprehenderit in voluptate velit esse cillum dolore eu fugiat nulla pariatur. Excepteur sint occaecat cupidatat non proident, sunt in culpa qui officia deserunt mollit anim id est laborum.  # Use description for icon block
  tags: features  # Use info-block tag name here
